
Microsoft Visual Studio Solution File, Format Version 12.00
# Visual Studio 15
VisualStudioVersion = 15.0.26430.12
MinimumVisualStudioVersion = 10.0.40219.1
Project("{FAE04EC0-301F-11D3-BF4B-00C04F79EFBC}") = "TestProject.Android", "TestProject\TestProject.Android\TestProject.Android.csproj", "{881953A1-83AD-4BBE-B956-B28A55B60826}"
EndProject
Project("{FAE04EC0-301F-11D3-BF4B-00C04F79EFBC}") = "TestProject", "TestProject\TestProject\TestProject.csproj", "{A87F3EF9-34CB-4739-9740-E65E6F80E4CD}"
EndProject
Project("{FAE04EC0-301F-11D3-BF4B-00C04F79EFBC}") = "TestProject.iOS", "TestProject\TestProject.iOS\TestProject.iOS.csproj", "{330B4733-3386-401F-802D-6F700C1A3F8C}"
EndProject
Global
	GlobalSection(SolutionConfigurationPlatforms) = preSolution
		Ad-Hoc|Any CPU = Ad-Hoc|Any CPU
		Ad-Hoc|iPhone = Ad-Hoc|iPhone
		Ad-Hoc|iPhoneSimulator = Ad-Hoc|iPhoneSimulator
		AppStore|Any CPU = AppStore|Any CPU
		AppStore|iPhone = AppStore|iPhone
		AppStore|iPhoneSimulator = AppStore|iPhoneSimulator
		Debug|Any CPU = Debug|Any CPU
		Debug|iPhone = Debug|iPhone
		Debug|iPhoneSimulator = Debug|iPhoneSimulator
		Release|Any CPU = Release|Any CPU
		Release|iPhone = Release|iPhone
		Release|iPhoneSimulator = Release|iPhoneSimulator
	EndGlobalSection
	GlobalSection(ProjectConfigurationPlatforms) = postSolution
		{881953A1-83AD-4BBE-B956-B28A55B60826}.Ad-Hoc|Any CPU.ActiveCfg = Release|Any CPU
		{881953A1-83AD-4BBE-B956-B28A55B60826}.Ad-Hoc|Any CPU.Build.0 = Release|Any CPU
		{881953A1-83AD-4BBE-B956-B28A55B60826}.Ad-Hoc|Any CPU.Deploy.0 = Release|Any CPU
		{881953A1-83AD-4BBE-B956-B28A55B60826}.Ad-Hoc|iPhone.ActiveCfg = Release|Any CPU
		{881953A1-83AD-4BBE-B956-B28A55B60826}.Ad-Hoc|iPhone.Build.0 = Release|Any CPU
		{881953A1-83AD-4BBE-B956-B28A55B60826}.Ad-Hoc|iPhone.Deploy.0 = Release|Any CPU
		{881953A1-83AD-4BBE-B956-B28A55B60826}.Ad-Hoc|iPhoneSimulator.ActiveCfg = Release|Any CPU
		{881953A1-83AD-4BBE-B956-B28A55B60826}.Ad-Hoc|iPhoneSimulator.Build.0 = Release|Any CPU
		{881953A1-83AD-4BBE-B956-B28A55B60826}.Ad-Hoc|iPhoneSimulator.Deploy.0 = Release|Any CPU
		{881953A1-83AD-4BBE-B956-B28A55B60826}.AppStore|Any CPU.ActiveCfg = Release|Any CPU
		{881953A1-83AD-4BBE-B956-B28A55B60826}.AppStore|Any CPU.Build.0 = Release|Any CPU
		{881953A1-83AD-4BBE-B956-B28A55B60826}.AppStore|Any CPU.Deploy.0 = Release|Any CPU
		{881953A1-83AD-4BBE-B956-B28A55B60826}.AppStore|iPhone.ActiveCfg = Release|Any CPU
		{881953A1-83AD-4BBE-B956-B28A55B60826}.AppStore|iPhone.Build.0 = Release|Any CPU
		{881953A1-83AD-4BBE-B956-B28A55B60826}.AppStore|iPhone.Deploy.0 = Release|Any CPU
		{881953A1-83AD-4BBE-B956-B28A55B60826}.AppStore|iPhoneSimulator.ActiveCfg = Release|Any CPU
		{881953A1-83AD-4BBE-B956-B28A55B60826}.AppStore|iPhoneSimulator.Build.0 = Release|Any CPU
		{881953A1-83AD-4BBE-B956-B28A55B60826}.AppStore|iPhoneSimulator.Deploy.0 = Release|Any CPU
		{881953A1-83AD-4BBE-B956-B28A55B60826}.Debug|Any CPU.ActiveCfg = Debug|Any CPU
		{881953A1-83AD-4BBE-B956-B28A55B60826}.Debug|Any CPU.Build.0 = Debug|Any CPU
		{881953A1-83AD-4BBE-B956-B28A55B60826}.Debug|Any CPU.Deploy.0 = Debug|Any CPU
		{881953A1-83AD-4BBE-B956-B28A55B60826}.Debug|iPhone.ActiveCfg = Debug|Any CPU
		{881953A1-83AD-4BBE-B956-B28A55B60826}.Debug|iPhone.Build.0 = Debug|Any CPU
		{881953A1-83AD-4BBE-B956-B28A55B60826}.Debug|iPhone.Deploy.0 = Debug|Any CPU
		{881953A1-83AD-4BBE-B956-B28A55B60826}.Debug|iPhoneSimulator.ActiveCfg = Debug|Any CPU
		{881953A1-83AD-4BBE-B956-B28A55B60826}.Debug|iPhoneSimulator.Build.0 = Debug|Any CPU
		{881953A1-83AD-4BBE-B956-B28A55B60826}.Debug|iPhoneSimulator.Deploy.0 = Debug|Any CPU
		{881953A1-83AD-4BBE-B956-B28A55B60826}.Release|Any CPU.ActiveCfg = Release|Any CPU
		{881953A1-83AD-4BBE-B956-B28A55B60826}.Release|Any CPU.Build.0 = Release|Any CPU
		{881953A1-83AD-4BBE-B956-B28A55B60826}.Release|Any CPU.Deploy.0 = Release|Any CPU
		{881953A1-83AD-4BBE-B956-B28A55B60826}.Release|iPhone.ActiveCfg = Release|Any CPU
		{881953A1-83AD-4BBE-B956-B28A55B60826}.Release|iPhone.Build.0 = Release|Any CPU
		{881953A1-83AD-4BBE-B956-B28A55B60826}.Release|iPhone.Deploy.0 = Release|Any CPU
		{881953A1-83AD-4BBE-B956-B28A55B60826}.Release|iPhoneSimulator.ActiveCfg = Release|Any CPU
		{881953A1-83AD-4BBE-B956-B28A55B60826}.Release|iPhoneSimulator.Build.0 = Release|Any CPU
		{881953A1-83AD-4BBE-B956-B28A55B60826}.Release|iPhoneSimulator.Deploy.0 = Release|Any CPU
		{A87F3EF9-34CB-4739-9740-E65E6F80E4CD}.Ad-Hoc|Any CPU.ActiveCfg = Release|Any CPU
		{A87F3EF9-34CB-4739-9740-E65E6F80E4CD}.Ad-Hoc|Any CPU.Build.0 = Release|Any CPU
		{A87F3EF9-34CB-4739-9740-E65E6F80E4CD}.Ad-Hoc|iPhone.ActiveCfg = Release|Any CPU
		{A87F3EF9-34CB-4739-9740-E65E6F80E4CD}.Ad-Hoc|iPhone.Build.0 = Release|Any CPU
		{A87F3EF9-34CB-4739-9740-E65E6F80E4CD}.Ad-Hoc|iPhoneSimulator.ActiveCfg = Release|Any CPU
		{A87F3EF9-34CB-4739-9740-E65E6F80E4CD}.Ad-Hoc|iPhoneSimulator.Build.0 = Release|Any CPU
		{A87F3EF9-34CB-4739-9740-E65E6F80E4CD}.AppStore|Any CPU.ActiveCfg = Release|Any CPU
		{A87F3EF9-34CB-4739-9740-E65E6F80E4CD}.AppStore|Any CPU.Build.0 = Release|Any CPU
		{A87F3EF9-34CB-4739-9740-E65E6F80E4CD}.AppStore|iPhone.ActiveCfg = Release|Any CPU
		{A87F3EF9-34CB-4739-9740-E65E6F80E4CD}.AppStore|iPhone.Build.0 = Release|Any CPU
		{A87F3EF9-34CB-4739-9740-E65E6F80E4CD}.AppStore|iPhoneSimulator.ActiveCfg = Release|Any CPU
		{A87F3EF9-34CB-4739-9740-E65E6F80E4CD}.AppStore|iPhoneSimulator.Build.0 = Release|Any CPU
		{A87F3EF9-34CB-4739-9740-E65E6F80E4CD}.Debug|Any CPU.ActiveCfg = Debug|Any CPU
		{A87F3EF9-34CB-4739-9740-E65E6F80E4CD}.Debug|Any CPU.Build.0 = Debug|Any CPU
		{A87F3EF9-34CB-4739-9740-E65E6F80E4CD}.Debug|iPhone.ActiveCfg = Debug|Any CPU
		{A87F3EF9-34CB-4739-9740-E65E6F80E4CD}.Debug|iPhone.Build.0 = Debug|Any CPU
		{A87F3EF9-34CB-4739-9740-E65E6F80E4CD}.Debug|iPhoneSimulator.ActiveCfg = Debug|Any CPU
		{A87F3EF9-34CB-4739-9740-E65E6F80E4CD}.Debug|iPhoneSimulator.Build.0 = Debug|Any CPU
		{A87F3EF9-34CB-4739-9740-E65E6F80E4CD}.Release|Any CPU.ActiveCfg = Release|Any CPU
		{A87F3EF9-34CB-4739-9740-E65E6F80E4CD}.Release|Any CPU.Build.0 = Release|Any CPU
		{A87F3EF9-34CB-4739-9740-E65E6F80E4CD}.Release|iPhone.ActiveCfg = Release|Any CPU
		{A87F3EF9-34CB-4739-9740-E65E6F80E4CD}.Release|iPhone.Build.0 = Release|Any CPU
		{A87F3EF9-34CB-4739-9740-E65E6F80E4CD}.Release|iPhoneSimulator.ActiveCfg = Release|Any CPU
		{A87F3EF9-34CB-4739-9740-E65E6F80E4CD}.Release|iPhoneSimulator.Build.0 = Release|Any CPU
		{330B4733-3386-401F-802D-6F700C1A3F8C}.Ad-Hoc|Any CPU.ActiveCfg = Ad-Hoc|iPhone
		{330B4733-3386-401F-802D-6F700C1A3F8C}.Ad-Hoc|iPhone.ActiveCfg = Ad-Hoc|iPhone
		{330B4733-3386-401F-802D-6F700C1A3F8C}.Ad-Hoc|iPhone.Build.0 = Ad-Hoc|iPhone
		{330B4733-3386-401F-802D-6F700C1A3F8C}.Ad-Hoc|iPhoneSimulator.ActiveCfg = Ad-Hoc|iPhoneSimulator
		{330B4733-3386-401F-802D-6F700C1A3F8C}.Ad-Hoc|iPhoneSimulator.Build.0 = Ad-Hoc|iPhoneSimulator
		{330B4733-3386-401F-802D-6F700C1A3F8C}.AppStore|Any CPU.ActiveCfg = AppStore|iPhone
		{330B4733-3386-401F-802D-6F700C1A3F8C}.AppStore|iPhone.ActiveCfg = AppStore|iPhone
		{330B4733-3386-401F-802D-6F700C1A3F8C}.AppStore|iPhone.Build.0 = AppStore|iPhone
		{330B4733-3386-401F-802D-6F700C1A3F8C}.AppStore|iPhoneSimulator.ActiveCfg = AppStore|iPhoneSimulator
		{330B4733-3386-401F-802D-6F700C1A3F8C}.AppStore|iPhoneSimulator.Build.0 = AppStore|iPhoneSimulator
		{330B4733-3386-401F-802D-6F700C1A3F8C}.Debug|Any CPU.ActiveCfg = Debug|iPhone
		{330B4733-3386-401F-802D-6F700C1A3F8C}.Debug|iPhone.ActiveCfg = Debug|iPhone
		{330B4733-3386-401F-802D-6F700C1A3F8C}.Debug|iPhone.Build.0 = Debug|iPhone
		{330B4733-3386-401F-802D-6F700C1A3F8C}.Debug|iPhoneSimulator.ActiveCfg = Debug|iPhoneSimulator
		{330B4733-3386-401F-802D-6F700C1A3F8C}.Debug|iPhoneSimulator.Build.0 = Debug|iPhoneSimulator
		{330B4733-3386-401F-802D-6F700C1A3F8C}.Release|Any CPU.ActiveCfg = Release|iPhone
		{330B4733-3386-401F-802D-6F700C1A3F8C}.Release|iPhone.ActiveCfg = Release|iPhone
		{330B4733-3386-401F-802D-6F700C1A3F8C}.Release|iPhone.Build.0 = Release|iPhone
		{330B4733-3386-401F-802D-6F700C1A3F8C}.Release|iPhoneSimulator.ActiveCfg = Release|iPhoneSimulator
		{330B4733-3386-401F-802D-6F700C1A3F8C}.Release|iPhoneSimulator.Build.0 = Release|iPhoneSimulator
	EndGlobalSection
	GlobalSection(SolutionProperties) = preSolution
		HideSolutionNode = FALSE
	EndGlobalSection
EndGlobal
